
Microsoft Visual Studio Solution File, Format Version 12.00
# Visual Studio 15
VisualStudioVersion = 15.0.27130.2036
MinimumVisualStudioVersion = 10.0.40219.1
Project("{FAE04EC0-301F-11D3-BF4B-00C04F79EFBC}") = "AirlockDoors", "AirlockDoors.csproj", "{626F1C58-D826-492C-9147-CE28B133C5EA}"
EndProject
Global
	GlobalSection(SolutionConfigurationPlatforms) = preSolution
		Debug|x64 = Debug|x64
	EndGlobalSection
	GlobalSection(ProjectConfigurationPlatforms) = postSolution
		{626F1C58-D826-492C-9147-CE28B133C5EA}.Debug|x64.ActiveCfg = Debug|x64
		{626F1C58-D826-492C-9147-CE28B133C5EA}.Debug|x64.Build.0 = Debug|x64
	EndGlobalSection
	GlobalSection(SolutionProperties) = preSolution
		HideSolutionNode = FALSE
	EndGlobalSection
	GlobalSection(ExtensibilityGlobals) = postSolution
		SolutionGuid = {9961BDE4-E602-4BBF-B914-187108E31A1C}
	EndGlobalSection
EndGlobal
